
Microsoft Visual Studio Solution File, Format Version 12.00
# Visual Studio Version 17
VisualStudioVersion = 17.0.31912.275
MinimumVisualStudioVersion = 10.0.40219.1
Project("{2150E333-8FDC-42A3-9474-1A3956D46DE8}") = "Services", "Services", "{594A221E-0C9B-48F8-94EE-B1C75515B301}"
EndProject
Project("{2150E333-8FDC-42A3-9474-1A3956D46DE8}") = "Catalog", "Catalog", "{3CB6F603-5CBD-4D5F-A8F6-AA5DAC6E5EA3}"
EndProject
Project("{9A19103F-16F7-4668-BE54-9A1E7A4F7556}") = "Catalog.Api", "Services\Catalog\Catalog.Api\Catalog.Api.csproj", "{C7BE48B4-53B2-4793-B145-8383CFC15553}"
EndProject
Project("{E53339B2-1760-4266-BCC7-CA923CBCF16C}") = "docker-compose", "docker-compose.dcproj", "{D580B0AE-D7A2-4C80-955A-425A9139E071}"
EndProject
Project("{2150E333-8FDC-42A3-9474-1A3956D46DE8}") = "Basket", "Basket", "{6A13C5C4-0EA0-4E14-9BF5-B82EC33D248A}"
EndProject
Project("{9A19103F-16F7-4668-BE54-9A1E7A4F7556}") = "Basket.api", "Services\Basket\Basket.api\Basket.api.csproj", "{EF1C0475-E2B4-42B3-8258-D2D16DB4EAAB}"
EndProject
Project("{2150E333-8FDC-42A3-9474-1A3956D46DE8}") = "Discount", "Discount", "{A5D0DB98-9C23-4AE4-A4AC-76FE8FDDB50A}"
EndProject
Project("{9A19103F-16F7-4668-BE54-9A1E7A4F7556}") = "Discount.Api", "Services\Discount\Discount.Api\Discount.Api.csproj", "{0787EA80-D1C8-435D-9D0C-5490A5B99661}"
EndProject
Project("{9A19103F-16F7-4668-BE54-9A1E7A4F7556}") = "Discount.Grpc", "Services\Discount\Discount.Grpc\Discount.Grpc.csproj", "{5BD3850C-3312-483F-BF54-98B31E2175D7}"
EndProject
Project("{2150E333-8FDC-42A3-9474-1A3956D46DE8}") = "Ordering", "Ordering", "{13D2713F-7722-4D24-9611-E3DA3B85E39C}"
EndProject
Project("{FAE04EC0-301F-11D3-BF4B-00C04F79EFBC}") = "Ordering.api", "Services\Ordering\Ordering.api\Ordering.api.csproj", "{7D520601-BB2A-488F-B3F3-ED4247D58D08}"
EndProject
Project("{FAE04EC0-301F-11D3-BF4B-00C04F79EFBC}") = "Ordering.Domain", "Services\Ordering\Ordering.Domain\Ordering.Domain\Ordering.Domain.csproj", "{A5A5CA6E-95C6-4FAC-AF96-959F716E13D0}"
EndProject
Project("{FAE04EC0-301F-11D3-BF4B-00C04F79EFBC}") = "Ordering.Application", "Services\Ordering\Ordering.Application\Ordering.Application\Ordering.Application.csproj", "{B947DB6D-304A-4205-83AF-49745D658191}"
EndProject
Project("{FAE04EC0-301F-11D3-BF4B-00C04F79EFBC}") = "Ordering.Infrastructure", "Services\Ordering\Ordering.Infrastructure\Ordering.Infrastructure\Ordering.Infrastructure.csproj", "{59BD04B1-49E5-4B0D-A599-1EC0CAB7D38D}"
EndProject
Global
	GlobalSection(SolutionConfigurationPlatforms) = preSolution
		Debug|Any CPU = Debug|Any CPU
		Release|Any CPU = Release|Any CPU
	EndGlobalSection
	GlobalSection(ProjectConfigurationPlatforms) = postSolution
		{C7BE48B4-53B2-4793-B145-8383CFC15553}.Debug|Any CPU.ActiveCfg = Debug|Any CPU
		{C7BE48B4-53B2-4793-B145-8383CFC15553}.Debug|Any CPU.Build.0 = Debug|Any CPU
		{C7BE48B4-53B2-4793-B145-8383CFC15553}.Release|Any CPU.ActiveCfg = Release|Any CPU
		{C7BE48B4-53B2-4793-B145-8383CFC15553}.Release|Any CPU.Build.0 = Release|Any CPU
		{D580B0AE-D7A2-4C80-955A-425A9139E071}.Debug|Any CPU.ActiveCfg = Debug|Any CPU
		{D580B0AE-D7A2-4C80-955A-425A9139E071}.Debug|Any CPU.Build.0 = Debug|Any CPU
		{D580B0AE-D7A2-4C80-955A-425A9139E071}.Release|Any CPU.ActiveCfg = Release|Any CPU
		{D580B0AE-D7A2-4C80-955A-425A9139E071}.Release|Any CPU.Build.0 = Release|Any CPU
		{EF1C0475-E2B4-42B3-8258-D2D16DB4EAAB}.Debug|Any CPU.ActiveCfg = Debug|Any CPU
		{EF1C0475-E2B4-42B3-8258-D2D16DB4EAAB}.Debug|Any CPU.Build.0 = Debug|Any CPU
		{EF1C0475-E2B4-42B3-8258-D2D16DB4EAAB}.Release|Any CPU.ActiveCfg = Release|Any CPU
		{EF1C0475-E2B4-42B3-8258-D2D16DB4EAAB}.Release|Any CPU.Build.0 = Release|Any CPU
		{0787EA80-D1C8-435D-9D0C-5490A5B99661}.Debug|Any CPU.ActiveCfg = Debug|Any CPU
		{0787EA80-D1C8-435D-9D0C-5490A5B99661}.Debug|Any CPU.Build.0 = Debug|Any CPU
		{0787EA80-D1C8-435D-9D0C-5490A5B99661}.Release|Any CPU.ActiveCfg = Release|Any CPU
		{0787EA80-D1C8-435D-9D0C-5490A5B99661}.Release|Any CPU.Build.0 = Release|Any CPU
		{5BD3850C-3312-483F-BF54-98B31E2175D7}.Debug|Any CPU.ActiveCfg = Debug|Any CPU
		{5BD3850C-3312-483F-BF54-98B31E2175D7}.Debug|Any CPU.Build.0 = Debug|Any CPU
		{5BD3850C-3312-483F-BF54-98B31E2175D7}.Release|Any CPU.ActiveCfg = Release|Any CPU
		{5BD3850C-3312-483F-BF54-98B31E2175D7}.Release|Any CPU.Build.0 = Release|Any CPU
		{7D520601-BB2A-488F-B3F3-ED4247D58D08}.Debug|Any CPU.ActiveCfg = Debug|Any CPU
		{7D520601-BB2A-488F-B3F3-ED4247D58D08}.Debug|Any CPU.Build.0 = Debug|Any CPU
		{7D520601-BB2A-488F-B3F3-ED4247D58D08}.Release|Any CPU.ActiveCfg = Release|Any CPU
		{7D520601-BB2A-488F-B3F3-ED4247D58D08}.Release|Any CPU.Build.0 = Release|Any CPU
		{A5A5CA6E-95C6-4FAC-AF96-959F716E13D0}.Debug|Any CPU.ActiveCfg = Debug|Any CPU
		{A5A5CA6E-95C6-4FAC-AF96-959F716E13D0}.Debug|Any CPU.Build.0 = Debug|Any CPU
		{A5A5CA6E-95C6-4FAC-AF96-959F716E13D0}.Release|Any CPU.ActiveCfg = Release|Any CPU
		{A5A5CA6E-95C6-4FAC-AF96-959F716E13D0}.Release|Any CPU.Build.0 = Release|Any CPU
		{B947DB6D-304A-4205-83AF-49745D658191}.Debug|Any CPU.ActiveCfg = Debug|Any CPU
		{B947DB6D-304A-4205-83AF-49745D658191}.Debug|Any CPU.Build.0 = Debug|Any CPU
		{B947DB6D-304A-4205-83AF-49745D658191}.Release|Any CPU.ActiveCfg = Release|Any CPU
		{B947DB6D-304A-4205-83AF-49745D658191}.Release|Any CPU.Build.0 = Release|Any CPU
		{59BD04B1-49E5-4B0D-A599-1EC0CAB7D38D}.Debug|Any CPU.ActiveCfg = Debug|Any CPU
		{59BD04B1-49E5-4B0D-A599-1EC0CAB7D38D}.Debug|Any CPU.Build.0 = Debug|Any CPU
		{59BD04B1-49E5-4B0D-A599-1EC0CAB7D38D}.Release|Any CPU.ActiveCfg = Release|Any CPU
		{59BD04B1-49E5-4B0D-A599-1EC0CAB7D38D}.Release|Any CPU.Build.0 = Release|Any CPU
	EndGlobalSection
	GlobalSection(SolutionProperties) = preSolution
		HideSolutionNode = FALSE
	EndGlobalSection
	GlobalSection(NestedProjects) = preSolution
		{3CB6F603-5CBD-4D5F-A8F6-AA5DAC6E5EA3} = {594A221E-0C9B-48F8-94EE-B1C75515B301}
		{C7BE48B4-53B2-4793-B145-8383CFC15553} = {3CB6F603-5CBD-4D5F-A8F6-AA5DAC6E5EA3}
		{6A13C5C4-0EA0-4E14-9BF5-B82EC33D248A} = {594A221E-0C9B-48F8-94EE-B1C75515B301}
		{EF1C0475-E2B4-42B3-8258-D2D16DB4EAAB} = {6A13C5C4-0EA0-4E14-9BF5-B82EC33D248A}
		{A5D0DB98-9C23-4AE4-A4AC-76FE8FDDB50A} = {594A221E-0C9B-48F8-94EE-B1C75515B301}
		{0787EA80-D1C8-435D-9D0C-5490A5B99661} = {A5D0DB98-9C23-4AE4-A4AC-76FE8FDDB50A}
		{5BD3850C-3312-483F-BF54-98B31E2175D7} = {A5D0DB98-9C23-4AE4-A4AC-76FE8FDDB50A}
		{13D2713F-7722-4D24-9611-E3DA3B85E39C} = {594A221E-0C9B-48F8-94EE-B1C75515B301}
		{7D520601-BB2A-488F-B3F3-ED4247D58D08} = {13D2713F-7722-4D24-9611-E3DA3B85E39C}
		{A5A5CA6E-95C6-4FAC-AF96-959F716E13D0} = {13D2713F-7722-4D24-9611-E3DA3B85E39C}
		{B947DB6D-304A-4205-83AF-49745D658191} = {13D2713F-7722-4D24-9611-E3DA3B85E39C}
		{59BD04B1-49E5-4B0D-A599-1EC0CAB7D38D} = {13D2713F-7722-4D24-9611-E3DA3B85E39C}
	EndGlobalSection
	GlobalSection(ExtensibilityGlobals) = postSolution
		SolutionGuid = {B8BE06D7-1FA8-4C2D-B9ED-B9D95931B6A3}
	EndGlobalSection
EndGlobal
